
Microsoft Visual Studio Solution File, Format Version 12.00
# Visual Studio 15
Project("{FAE04EC0-301F-11D3-BF4B-00C04F79EFBC}") = "Assembly-CSharp", "Assembly-CSharp.csproj", "{9B35D8BB-2074-7604-894F-769459CFBEAC}"
EndProject
Project("{FAE04EC0-301F-11D3-BF4B-00C04F79EFBC}") = "Assembly-CSharp-firstpass", "Assembly-CSharp-firstpass.csproj", "{1B95EB73-420D-74FC-9FCA-DC045FA700FD}"
EndProject
Global
	GlobalSection(SolutionConfigurationPlatforms) = preSolution
		Debug|Any CPU = Debug|Any CPU
		Release|Any CPU = Release|Any CPU
	EndGlobalSection
	GlobalSection(ProjectConfigurationPlatforms) = postSolution
		{9B35D8BB-2074-7604-894F-769459CFBEAC}.Debug|Any CPU.ActiveCfg = Debug|Any CPU
		{9B35D8BB-2074-7604-894F-769459CFBEAC}.Debug|Any CPU.Build.0 = Debug|Any CPU
		{9B35D8BB-2074-7604-894F-769459CFBEAC}.Release|Any CPU.ActiveCfg = Release|Any CPU
		{9B35D8BB-2074-7604-894F-769459CFBEAC}.Release|Any CPU.Build.0 = Release|Any CPU
		{1B95EB73-420D-74FC-9FCA-DC045FA700FD}.Debug|Any CPU.ActiveCfg = Debug|Any CPU
		{1B95EB73-420D-74FC-9FCA-DC045FA700FD}.Debug|Any CPU.Build.0 = Debug|Any CPU
		{1B95EB73-420D-74FC-9FCA-DC045FA700FD}.Release|Any CPU.ActiveCfg = Release|Any CPU
		{1B95EB73-420D-74FC-9FCA-DC045FA700FD}.Release|Any CPU.Build.0 = Release|Any CPU
	EndGlobalSection
	GlobalSection(SolutionProperties) = preSolution
		HideSolutionNode = FALSE
	EndGlobalSection
EndGlobal
